
Microsoft Visual Studio Solution File, Format Version 12.00
# Visual Studio 15
VisualStudioVersion = 15.0.28307.1340
MinimumVisualStudioVersion = 10.0.40219.1
Project("{FAE04EC0-301F-11D3-BF4B-00C04F79EFBC}") = "MindTreeValueAdds.API", "MindTreeValueAdds.API\MindTreeValueAdds.API.csproj", "{C9507505-F3DF-457A-BD25-C29290C9DD2A}"
EndProject
Project("{FAE04EC0-301F-11D3-BF4B-00C04F79EFBC}") = "MindTreeValueAdds.Helppers", "MindTreeValueAdds.Models\MindTreeValueAdds.Helppers.csproj", "{8A59FB68-E53A-4B47-AE03-7CB55E5CA02B}"
EndProject
Project("{FAE04EC0-301F-11D3-BF4B-00C04F79EFBC}") = "MindTreeValueAdds.Web", "MindTreeValueAdds.Web\MindTreeValueAdds.Web.csproj", "{CC967B78-9739-4563-AD61-79BEDC99BCEB}"
EndProject
Global
	GlobalSection(SolutionConfigurationPlatforms) = preSolution
		Debug|Any CPU = Debug|Any CPU
		Release|Any CPU = Release|Any CPU
	EndGlobalSection
	GlobalSection(ProjectConfigurationPlatforms) = postSolution
		{C9507505-F3DF-457A-BD25-C29290C9DD2A}.Debug|Any CPU.ActiveCfg = Debug|Any CPU
		{C9507505-F3DF-457A-BD25-C29290C9DD2A}.Debug|Any CPU.Build.0 = Debug|Any CPU
		{C9507505-F3DF-457A-BD25-C29290C9DD2A}.Release|Any CPU.ActiveCfg = Release|Any CPU
		{C9507505-F3DF-457A-BD25-C29290C9DD2A}.Release|Any CPU.Build.0 = Release|Any CPU
		{8A59FB68-E53A-4B47-AE03-7CB55E5CA02B}.Debug|Any CPU.ActiveCfg = Debug|Any CPU
		{8A59FB68-E53A-4B47-AE03-7CB55E5CA02B}.Debug|Any CPU.Build.0 = Debug|Any CPU
		{8A59FB68-E53A-4B47-AE03-7CB55E5CA02B}.Release|Any CPU.ActiveCfg = Release|Any CPU
		{8A59FB68-E53A-4B47-AE03-7CB55E5CA02B}.Release|Any CPU.Build.0 = Release|Any CPU
		{CC967B78-9739-4563-AD61-79BEDC99BCEB}.Debug|Any CPU.ActiveCfg = Debug|Any CPU
		{CC967B78-9739-4563-AD61-79BEDC99BCEB}.Debug|Any CPU.Build.0 = Debug|Any CPU
		{CC967B78-9739-4563-AD61-79BEDC99BCEB}.Release|Any CPU.ActiveCfg = Release|Any CPU
		{CC967B78-9739-4563-AD61-79BEDC99BCEB}.Release|Any CPU.Build.0 = Release|Any CPU
	EndGlobalSection
	GlobalSection(SolutionProperties) = preSolution
		HideSolutionNode = FALSE
	EndGlobalSection
	GlobalSection(ExtensibilityGlobals) = postSolution
		SolutionGuid = {9ABA4D44-A1A7-4988-95F5-64A36A0C89BA}
	EndGlobalSection
EndGlobal
